
Microsoft Visual Studio Solution File, Format Version 12.00
# Visual Studio Version 16
VisualStudioVersion = 16.0.810.25
MinimumVisualStudioVersion = 10.0.40219.1
Project("{FAE04EC0-301F-11D3-BF4B-00C04F79EFBC}") = "RekindlingC", "RekindlingC\RekindlingC.csproj", "{66A67E19-0748-42F1-BF30-8DB59C0E2B99}"
EndProject
Global
	GlobalSection(SolutionConfigurationPlatforms) = preSolution
		Debug|anycpu = Debug|anycpu
		Release|anycpu = Release|anycpu
	EndGlobalSection
	GlobalSection(ProjectConfigurationPlatforms) = postSolution
		{66A67E19-0748-42F1-BF30-8DB59C0E2B99}.Debug|anycpu.ActiveCfg = Debug|anycpu
		{66A67E19-0748-42F1-BF30-8DB59C0E2B99}.Debug|anycpu.Build.0 = Debug|anycpu
		{66A67E19-0748-42F1-BF30-8DB59C0E2B99}.Release|anycpu.ActiveCfg = Release|anycpu
		{66A67E19-0748-42F1-BF30-8DB59C0E2B99}.Release|anycpu.Build.0 = Release|anycpu
	EndGlobalSection
	GlobalSection(SolutionProperties) = preSolution
		HideSolutionNode = FALSE
	EndGlobalSection
	GlobalSection(ExtensibilityGlobals) = postSolution
		SolutionGuid = {6AF7B4D7-790C-4E53-A8C9-17EE60B08B7B}
	EndGlobalSection
EndGlobal
